{
  "requires": true,
  "lockfileVersion": 1,
  "dependencies": {
    "clsx": {
      "version": "1.1.1",
      "resolved": "https://registry.npmjs.org/clsx/-/clsx-1.1.1.tgz",
      "integrity": "sha512-6/bPho624p3S2pMyvP5kKBPXnI3ufHLObBFCfgx+LkeR5lg2XYy2hqZqUf45ypD8COn2bhgGJSUE+l5dhNBieA=="
    },
    "react-toastify": {
      "version": "7.0.4",
      "resolved": "https://registry.npmjs.org/react-toastify/-/react-toastify-7.0.4.tgz",
      "integrity": "sha512-Rol7+Cn39hZp5hQ/k6CbMNE2CKYV9E5OQdC/hBLtIQU2xz7DdAm7xil4NITQTHR6zEbE5RVFbpgSwTD7xRGLeQ==",
      "requires": {
        "clsx": "^1.1.1"
      }
    },
    "typescript": {
      "version": "4.1.5",
      "resolved": "https://registry.npmjs.org/typescript/-/typescript-4.1.5.tgz",
      "integrity": "sha512-6OSu9PTIzmn9TCDiovULTnET6BgXtDYL4Gg4szY+cGsc3JP1dQL8qvE8kShTRx1NIw4Q9IBHlwODjkjWEtMUyA=="
    }
  }
}
